
Microsoft Visual Studio Solution File, Format Version 12.00
# Visual Studio 15
VisualStudioVersion = 15.0.27703.2035
MinimumVisualStudioVersion = 10.0.40219.1
Project("{9A19103F-16F7-4668-BE54-9A1E7A4F7556}") = "PaystackInline.Forms.Plugin", "PaystackInline.Forms.Plugin\PaystackInline.Forms.Plugin.csproj", "{4FFB6579-5CB1-4814-BCBF-2B2A3971F12C}"
EndProject
Project("{2150E333-8FDC-42A3-9474-1A3956D46DE8}") = "Sample", "Sample", "{7A69C63B-ADE8-44B4-BFD2-EBF47E8966BD}"
EndProject
Project("{FAE04EC0-301F-11D3-BF4B-00C04F79EFBC}") = "SampleApp.Android", "TestApp\SampleApp\SampleApp.Android\SampleApp.Android.csproj", "{D9842679-EC66-4F98-9D31-221898B5F368}"
EndProject
Project("{FAE04EC0-301F-11D3-BF4B-00C04F79EFBC}") = "SampleApp.iOS", "TestApp\SampleApp\SampleApp.iOS\SampleApp.iOS.csproj", "{88675E2F-4790-48C4-B9B4-E9F1E90B84DF}"
EndProject
Project("{FAE04EC0-301F-11D3-BF4B-00C04F79EFBC}") = "SampleApp.UWP", "TestApp\SampleApp\SampleApp.UWP\SampleApp.UWP.csproj", "{4DFE8513-17D7-44D1-9AD3-40F24FF84A26}"
EndProject
Project("{9A19103F-16F7-4668-BE54-9A1E7A4F7556}") = "SampleApp", "TestApp\SampleApp\SampleApp\SampleApp.csproj", "{E06AD4A6-B928-409B-8E5E-E66B24B9179A}"
EndProject
Project("{2150E333-8FDC-42A3-9474-1A3956D46DE8}") = "screenshoots", "screenshoots", "{DC929635-BCB0-42B2-802F-D09DE6F01673}"
	ProjectSection(SolutionItems) = preProject
		..\..\Users\akinnagbeeo\Pictures\paystack\paystackandroid\droid 1.png = ..\..\Users\akinnagbeeo\Pictures\paystack\paystackandroid\droid 1.png
		..\..\Users\akinnagbeeo\Pictures\paystack\paystackandroid\droid 2.png = ..\..\Users\akinnagbeeo\Pictures\paystack\paystackandroid\droid 2.png
		..\..\Users\akinnagbeeo\Pictures\paystack\paystackandroid\droid 3.png = ..\..\Users\akinnagbeeo\Pictures\paystack\paystackandroid\droid 3.png
		..\..\Users\akinnagbeeo\Pictures\paystack\paystackandroid\droid 4.png = ..\..\Users\akinnagbeeo\Pictures\paystack\paystackandroid\droid 4.png
		..\..\Users\akinnagbeeo\Pictures\paystack\ios 1.PNG = ..\..\Users\akinnagbeeo\Pictures\paystack\ios 1.PNG
		..\..\Users\akinnagbeeo\Pictures\paystack\ios 2.PNG = ..\..\Users\akinnagbeeo\Pictures\paystack\ios 2.PNG
		..\..\Users\akinnagbeeo\Pictures\paystack\ios 3.PNG = ..\..\Users\akinnagbeeo\Pictures\paystack\ios 3.PNG
		..\..\Users\akinnagbeeo\Pictures\paystack\ios 4.PNG = ..\..\Users\akinnagbeeo\Pictures\paystack\ios 4.PNG
	EndProjectSection
EndProject
Global
	GlobalSection(SolutionConfigurationPlatforms) = preSolution
		Ad-Hoc|Any CPU = Ad-Hoc|Any CPU
		Ad-Hoc|ARM = Ad-Hoc|ARM
		Ad-Hoc|iPhone = Ad-Hoc|iPhone
		Ad-Hoc|iPhoneSimulator = Ad-Hoc|iPhoneSimulator
		Ad-Hoc|x64 = Ad-Hoc|x64
		Ad-Hoc|x86 = Ad-Hoc|x86
		AppStore|Any CPU = AppStore|Any CPU
		AppStore|ARM = AppStore|ARM
		AppStore|iPhone = AppStore|iPhone
		AppStore|iPhoneSimulator = AppStore|iPhoneSimulator
		AppStore|x64 = AppStore|x64
		AppStore|x86 = AppStore|x86
		Debug|Any CPU = Debug|Any CPU
		Debug|ARM = Debug|ARM
		Debug|iPhone = Debug|iPhone
		Debug|iPhoneSimulator = Debug|iPhoneSimulator
		Debug|x64 = Debug|x64
		Debug|x86 = Debug|x86
		Release|Any CPU = Release|Any CPU
		Release|ARM = Release|ARM
		Release|iPhone = Release|iPhone
		Release|iPhoneSimulator = Release|iPhoneSimulator
		Release|x64 = Release|x64
		Release|x86 = Release|x86
	EndGlobalSection
	GlobalSection(ProjectConfigurationPlatforms) = postSolution
		{4FFB6579-5CB1-4814-BCBF-2B2A3971F12C}.Ad-Hoc|Any CPU.ActiveCfg = Release|Any CPU
		{4FFB6579-5CB1-4814-BCBF-2B2A3971F12C}.Ad-Hoc|Any CPU.Build.0 = Release|Any CPU
		{4FFB6579-5CB1-4814-BCBF-2B2A3971F12C}.Ad-Hoc|ARM.ActiveCfg = Release|Any CPU
		{4FFB6579-5CB1-4814-BCBF-2B2A3971F12C}.Ad-Hoc|ARM.Build.0 = Release|Any CPU
		{4FFB6579-5CB1-4814-BCBF-2B2A3971F12C}.Ad-Hoc|iPhone.ActiveCfg = Release|Any CPU
		{4FFB6579-5CB1-4814-BCBF-2B2A3971F12C}.Ad-Hoc|iPhone.Build.0 = Release|Any CPU
		{4FFB6579-5CB1-4814-BCBF-2B2A3971F12C}.Ad-Hoc|iPhoneSimulator.ActiveCfg = Release|Any CPU
		{4FFB6579-5CB1-4814-BCBF-2B2A3971F12C}.Ad-Hoc|iPhoneSimulator.Build.0 = Release|Any CPU
		{4FFB6579-5CB1-4814-BCBF-2B2A3971F12C}.Ad-Hoc|x64.ActiveCfg = Release|Any CPU
		{4FFB6579-5CB1-4814-BCBF-2B2A3971F12C}.Ad-Hoc|x64.Build.0 = Release|Any CPU
		{4FFB6579-5CB1-4814-BCBF-2B2A3971F12C}.Ad-Hoc|x86.ActiveCfg = Release|Any CPU
		{4FFB6579-5CB1-4814-BCBF-2B2A3971F12C}.Ad-Hoc|x86.Build.0 = Release|Any CPU
		{4FFB6579-5CB1-4814-BCBF-2B2A3971F12C}.AppStore|Any CPU.ActiveCfg = Release|Any CPU
		{4FFB6579-5CB1-4814-BCBF-2B2A3971F12C}.AppStore|Any CPU.Build.0 = Release|Any CPU
		{4FFB6579-5CB1-4814-BCBF-2B2A3971F12C}.AppStore|ARM.ActiveCfg = Release|Any CPU
		{4FFB6579-5CB1-4814-BCBF-2B2A3971F12C}.AppStore|ARM.Build.0 = Release|Any CPU
		{4FFB6579-5CB1-4814-BCBF-2B2A3971F12C}.AppStore|iPhone.ActiveCfg = Release|Any CPU
		{4FFB6579-5CB1-4814-BCBF-2B2A3971F12C}.AppStore|iPhone.Build.0 = Release|Any CPU
		{4FFB6579-5CB1-4814-BCBF-2B2A3971F12C}.AppStore|iPhoneSimulator.ActiveCfg = Release|Any CPU
		{4FFB6579-5CB1-4814-BCBF-2B2A3971F12C}.AppStore|iPhoneSimulator.Build.0 = Release|Any CPU
		{4FFB6579-5CB1-4814-BCBF-2B2A3971F12C}.AppStore|x64.ActiveCfg = Release|Any CPU
		{4FFB6579-5CB1-4814-BCBF-2B2A3971F12C}.AppStore|x64.Build.0 = Release|Any CPU
		{4FFB6579-5CB1-4814-BCBF-2B2A3971F12C}.AppStore|x86.ActiveCfg = Release|Any CPU
		{4FFB6579-5CB1-4814-BCBF-2B2A3971F12C}.AppStore|x86.Build.0 = Release|Any CPU
		{4FFB6579-5CB1-4814-BCBF-2B2A3971F12C}.Debug|Any CPU.ActiveCfg = Debug|Any CPU
		{4FFB6579-5CB1-4814-BCBF-2B2A3971F12C}.Debug|Any CPU.Build.0 = Debug|Any CPU
		{4FFB6579-5CB1-4814-BCBF-2B2A3971F12C}.Debug|ARM.ActiveCfg = Debug|Any CPU
		{4FFB6579-5CB1-4814-BCBF-2B2A3971F12C}.Debug|ARM.Build.0 = Debug|Any CPU
		{4FFB6579-5CB1-4814-BCBF-2B2A3971F12C}.Debug|iPhone.ActiveCfg = Debug|Any CPU
		{4FFB6579-5CB1-4814-BCBF-2B2A3971F12C}.Debug|iPhone.Build.0 = Debug|Any CPU
		{4FFB6579-5CB1-4814-BCBF-2B2A3971F12C}.Debug|iPhoneSimulator.ActiveCfg = Debug|Any CPU
		{4FFB6579-5CB1-4814-BCBF-2B2A3971F12C}.Debug|iPhoneSimulator.Build.0 = Debug|Any CPU
		{4FFB6579-5CB1-4814-BCBF-2B2A3971F12C}.Debug|x64.ActiveCfg = Debug|Any CPU
		{4FFB6579-5CB1-4814-BCBF-2B2A3971F12C}.Debug|x64.Build.0 = Debug|Any CPU
		{4FFB6579-5CB1-4814-BCBF-2B2A3971F12C}.Debug|x86.ActiveCfg = Debug|Any CPU
		{4FFB6579-5CB1-4814-BCBF-2B2A3971F12C}.Debug|x86.Build.0 = Debug|Any CPU
		{4FFB6579-5CB1-4814-BCBF-2B2A3971F12C}.Release|Any CPU.ActiveCfg = Release|Any CPU
		{4FFB6579-5CB1-4814-BCBF-2B2A3971F12C}.Release|Any CPU.Build.0 = Release|Any CPU
		{4FFB6579-5CB1-4814-BCBF-2B2A3971F12C}.Release|ARM.ActiveCfg = Release|Any CPU
		{4FFB6579-5CB1-4814-BCBF-2B2A3971F12C}.Release|ARM.Build.0 = Release|Any CPU
		{4FFB6579-5CB1-4814-BCBF-2B2A3971F12C}.Release|iPhone.ActiveCfg = Release|Any CPU
		{4FFB6579-5CB1-4814-BCBF-2B2A3971F12C}.Release|iPhone.Build.0 = Release|Any CPU
		{4FFB6579-5CB1-4814-BCBF-2B2A3971F12C}.Release|iPhoneSimulator.ActiveCfg = Release|Any CPU
		{4FFB6579-5CB1-4814-BCBF-2B2A3971F12C}.Release|iPhoneSimulator.Build.0 = Release|Any CPU
		{4FFB6579-5CB1-4814-BCBF-2B2A3971F12C}.Release|x64.ActiveCfg = Release|Any CPU
		{4FFB6579-5CB1-4814-BCBF-2B2A3971F12C}.Release|x64.Build.0 = Release|Any CPU
		{4FFB6579-5CB1-4814-BCBF-2B2A3971F12C}.Release|x86.ActiveCfg = Release|Any CPU
		{4FFB6579-5CB1-4814-BCBF-2B2A3971F12C}.Release|x86.Build.0 = Release|Any CPU
		{D9842679-EC66-4F98-9D31-221898B5F368}.Ad-Hoc|Any CPU.ActiveCfg = Release|Any CPU
		{D9842679-EC66-4F98-9D31-221898B5F368}.Ad-Hoc|Any CPU.Build.0 = Release|Any CPU
		{D9842679-EC66-4F98-9D31-221898B5F368}.Ad-Hoc|Any CPU.Deploy.0 = Release|Any CPU
		{D9842679-EC66-4F98-9D31-221898B5F368}.Ad-Hoc|ARM.ActiveCfg = Release|Any CPU
		{D9842679-EC66-4F98-9D31-221898B5F368}.Ad-Hoc|ARM.Build.0 = Release|Any CPU
		{D9842679-EC66-4F98-9D31-221898B5F368}.Ad-Hoc|ARM.Deploy.0 = Release|Any CPU
		{D9842679-EC66-4F98-9D31-221898B5F368}.Ad-Hoc|iPhone.ActiveCfg = Release|Any CPU
		{D9842679-EC66-4F98-9D31-221898B5F368}.Ad-Hoc|iPhone.Build.0 = Release|Any CPU
		{D9842679-EC66-4F98-9D31-221898B5F368}.Ad-Hoc|iPhone.Deploy.0 = Release|Any CPU
		{D9842679-EC66-4F98-9D31-221898B5F368}.Ad-Hoc|iPhoneSimulator.ActiveCfg = Release|Any CPU
		{D9842679-EC66-4F98-9D31-221898B5F368}.Ad-Hoc|iPhoneSimulator.Build.0 = Release|Any CPU
		{D9842679-EC66-4F98-9D31-221898B5F368}.Ad-Hoc|iPhoneSimulator.Deploy.0 = Release|Any CPU
		{D9842679-EC66-4F98-9D31-221898B5F368}.Ad-Hoc|x64.ActiveCfg = Release|Any CPU
		{D9842679-EC66-4F98-9D31-221898B5F368}.Ad-Hoc|x64.Build.0 = Release|Any CPU
		{D9842679-EC66-4F98-9D31-221898B5F368}.Ad-Hoc|x64.Deploy.0 = Release|Any CPU
		{D9842679-EC66-4F98-9D31-221898B5F368}.Ad-Hoc|x86.ActiveCfg = Release|Any CPU
		{D9842679-EC66-4F98-9D31-221898B5F368}.Ad-Hoc|x86.Build.0 = Release|Any CPU
		{D9842679-EC66-4F98-9D31-221898B5F368}.Ad-Hoc|x86.Deploy.0 = Release|Any CPU
		{D9842679-EC66-4F98-9D31-221898B5F368}.AppStore|Any CPU.ActiveCfg = Release|Any CPU
		{D9842679-EC66-4F98-9D31-221898B5F368}.AppStore|Any CPU.Build.0 = Release|Any CPU
		{D9842679-EC66-4F98-9D31-221898B5F368}.AppStore|Any CPU.Deploy.0 = Release|Any CPU
		{D9842679-EC66-4F98-9D31-221898B5F368}.AppStore|ARM.ActiveCfg = Release|Any CPU
		{D9842679-EC66-4F98-9D31-221898B5F368}.AppStore|ARM.Build.0 = Release|Any CPU
		{D9842679-EC66-4F98-9D31-221898B5F368}.AppStore|ARM.Deploy.0 = Release|Any CPU
		{D9842679-EC66-4F98-9D31-221898B5F368}.AppStore|iPhone.ActiveCfg = Release|Any CPU
		{D9842679-EC66-4F98-9D31-221898B5F368}.AppStore|iPhone.Build.0 = Release|Any CPU
		{D9842679-EC66-4F98-9D31-221898B5F368}.AppStore|iPhone.Deploy.0 = Release|Any CPU
		{D9842679-EC66-4F98-9D31-221898B5F368}.AppStore|iPhoneSimulator.ActiveCfg = Release|Any CPU
		{D9842679-EC66-4F98-9D31-221898B5F368}.AppStore|iPhoneSimulator.Build.0 = Release|Any CPU
		{D9842679-EC66-4F98-9D31-221898B5F368}.AppStore|iPhoneSimulator.Deploy.0 = Release|Any CPU
		{D9842679-EC66-4F98-9D31-221898B5F368}.AppStore|x64.ActiveCfg = Release|Any CPU
		{D9842679-EC66-4F98-9D31-221898B5F368}.AppStore|x64.Build.0 = Release|Any CPU
		{D9842679-EC66-4F98-9D31-221898B5F368}.AppStore|x64.Deploy.0 = Release|Any CPU
		{D9842679-EC66-4F98-9D31-221898B5F368}.AppStore|x86.ActiveCfg = Release|Any CPU
		{D9842679-EC66-4F98-9D31-221898B5F368}.AppStore|x86.Build.0 = Release|Any CPU
		{D9842679-EC66-4F98-9D31-221898B5F368}.AppStore|x86.Deploy.0 = Release|Any CPU
		{D9842679-EC66-4F98-9D31-221898B5F368}.Debug|Any CPU.ActiveCfg = Debug|Any CPU
		{D9842679-EC66-4F98-9D31-221898B5F368}.Debug|Any CPU.Build.0 = Debug|Any CPU
		{D9842679-EC66-4F98-9D31-221898B5F368}.Debug|Any CPU.Deploy.0 = Debug|Any CPU
		{D9842679-EC66-4F98-9D31-221898B5F368}.Debug|ARM.ActiveCfg = Debug|Any CPU
		{D9842679-EC66-4F98-9D31-221898B5F368}.Debug|ARM.Build.0 = Debug|Any CPU
		{D9842679-EC66-4F98-9D31-221898B5F368}.Debug|ARM.Deploy.0 = Debug|Any CPU
		{D9842679-EC66-4F98-9D31-221898B5F368}.Debug|iPhone.ActiveCfg = Debug|Any CPU
		{D9842679-EC66-4F98-9D31-221898B5F368}.Debug|iPhone.Build.0 = Debug|Any CPU
		{D9842679-EC66-4F98-9D31-221898B5F368}.Debug|iPhone.Deploy.0 = Debug|Any CPU
		{D9842679-EC66-4F98-9D31-221898B5F368}.Debug|iPhoneSimulator.ActiveCfg = Debug|Any CPU
		{D9842679-EC66-4F98-9D31-221898B5F368}.Debug|iPhoneSimulator.Build.0 = Debug|Any CPU
		{D9842679-EC66-4F98-9D31-221898B5F368}.Debug|iPhoneSimulator.Deploy.0 = Debug|Any CPU
		{D9842679-EC66-4F98-9D31-221898B5F368}.Debug|x64.ActiveCfg = Debug|Any CPU
		{D9842679-EC66-4F98-9D31-221898B5F368}.Debug|x64.Build.0 = Debug|Any CPU
		{D9842679-EC66-4F98-9D31-221898B5F368}.Debug|x64.Deploy.0 = Debug|Any CPU
		{D9842679-EC66-4F98-9D31-221898B5F368}.Debug|x86.ActiveCfg = Debug|Any CPU
		{D9842679-EC66-4F98-9D31-221898B5F368}.Debug|x86.Build.0 = Debug|Any CPU
		{D9842679-EC66-4F98-9D31-221898B5F368}.Debug|x86.Deploy.0 = Debug|Any CPU
		{D9842679-EC66-4F98-9D31-221898B5F368}.Release|Any CPU.ActiveCfg = Release|Any CPU
		{D9842679-EC66-4F98-9D31-221898B5F368}.Release|Any CPU.Build.0 = Release|Any CPU
		{D9842679-EC66-4F98-9D31-221898B5F368}.Release|Any CPU.Deploy.0 = Release|Any CPU
		{D9842679-EC66-4F98-9D31-221898B5F368}.Release|ARM.ActiveCfg = Release|Any CPU
		{D9842679-EC66-4F98-9D31-221898B5F368}.Release|ARM.Build.0 = Release|Any CPU
		{D9842679-EC66-4F98-9D31-221898B5F368}.Release|ARM.Deploy.0 = Release|Any CPU
		{D9842679-EC66-4F98-9D31-221898B5F368}.Release|iPhone.ActiveCfg = Release|Any CPU
		{D9842679-EC66-4F98-9D31-221898B5F368}.Release|iPhone.Build.0 = Release|Any CPU
		{D9842679-EC66-4F98-9D31-221898B5F368}.Release|iPhone.Deploy.0 = Release|Any CPU
		{D9842679-EC66-4F98-9D31-221898B5F368}.Release|iPhoneSimulator.ActiveCfg = Release|Any CPU
		{D9842679-EC66-4F98-9D31-221898B5F368}.Release|iPhoneSimulator.Build.0 = Release|Any CPU
		{D9842679-EC66-4F98-9D31-221898B5F368}.Release|iPhoneSimulator.Deploy.0 = Release|Any CPU
		{D9842679-EC66-4F98-9D31-221898B5F368}.Release|x64.ActiveCfg = Release|Any CPU
		{D9842679-EC66-4F98-9D31-221898B5F368}.Release|x64.Build.0 = Release|Any CPU
		{D9842679-EC66-4F98-9D31-221898B5F368}.Release|x64.Deploy.0 = Release|Any CPU
		{D9842679-EC66-4F98-9D31-221898B5F368}.Release|x86.ActiveCfg = Release|Any CPU
		{D9842679-EC66-4F98-9D31-221898B5F368}.Release|x86.Build.0 = Release|Any CPU
		{D9842679-EC66-4F98-9D31-221898B5F368}.Release|x86.Deploy.0 = Release|Any CPU
		{88675E2F-4790-48C4-B9B4-E9F1E90B84DF}.Ad-Hoc|Any CPU.ActiveCfg = Ad-Hoc|iPhone
		{88675E2F-4790-48C4-B9B4-E9F1E90B84DF}.Ad-Hoc|ARM.ActiveCfg = Ad-Hoc|iPhone
		{88675E2F-4790-48C4-B9B4-E9F1E90B84DF}.Ad-Hoc|iPhone.ActiveCfg = Ad-Hoc|iPhone
		{88675E2F-4790-48C4-B9B4-E9F1E90B84DF}.Ad-Hoc|iPhone.Build.0 = Ad-Hoc|iPhone
		{88675E2F-4790-48C4-B9B4-E9F1E90B84DF}.Ad-Hoc|iPhoneSimulator.ActiveCfg = Ad-Hoc|iPhoneSimulator
		{88675E2F-4790-48C4-B9B4-E9F1E90B84DF}.Ad-Hoc|iPhoneSimulator.Build.0 = Ad-Hoc|iPhoneSimulator
		{88675E2F-4790-48C4-B9B4-E9F1E90B84DF}.Ad-Hoc|x64.ActiveCfg = Ad-Hoc|iPhone
		{88675E2F-4790-48C4-B9B4-E9F1E90B84DF}.Ad-Hoc|x86.ActiveCfg = Ad-Hoc|iPhone
		{88675E2F-4790-48C4-B9B4-E9F1E90B84DF}.AppStore|Any CPU.ActiveCfg = AppStore|iPhone
		{88675E2F-4790-48C4-B9B4-E9F1E90B84DF}.AppStore|ARM.ActiveCfg = AppStore|iPhone
		{88675E2F-4790-48C4-B9B4-E9F1E90B84DF}.AppStore|iPhone.ActiveCfg = AppStore|iPhone
		{88675E2F-4790-48C4-B9B4-E9F1E90B84DF}.AppStore|iPhone.Build.0 = AppStore|iPhone
		{88675E2F-4790-48C4-B9B4-E9F1E90B84DF}.AppStore|iPhoneSimulator.ActiveCfg = AppStore|iPhoneSimulator
		{88675E2F-4790-48C4-B9B4-E9F1E90B84DF}.AppStore|iPhoneSimulator.Build.0 = AppStore|iPhoneSimulator
		{88675E2F-4790-48C4-B9B4-E9F1E90B84DF}.AppStore|x64.ActiveCfg = AppStore|iPhone
		{88675E2F-4790-48C4-B9B4-E9F1E90B84DF}.AppStore|x86.ActiveCfg = AppStore|iPhone
		{88675E2F-4790-48C4-B9B4-E9F1E90B84DF}.Debug|Any CPU.ActiveCfg = Debug|iPhone
		{88675E2F-4790-48C4-B9B4-E9F1E90B84DF}.Debug|ARM.ActiveCfg = Debug|iPhone
		{88675E2F-4790-48C4-B9B4-E9F1E90B84DF}.Debug|iPhone.ActiveCfg = Debug|iPhone
		{88675E2F-4790-48C4-B9B4-E9F1E90B84DF}.Debug|iPhone.Build.0 = Debug|iPhone
		{88675E2F-4790-48C4-B9B4-E9F1E90B84DF}.Debug|iPhoneSimulator.ActiveCfg = Debug|iPhoneSimulator
		{88675E2F-4790-48C4-B9B4-E9F1E90B84DF}.Debug|iPhoneSimulator.Build.0 = Debug|iPhoneSimulator
		{88675E2F-4790-48C4-B9B4-E9F1E90B84DF}.Debug|x64.ActiveCfg = Debug|iPhone
		{88675E2F-4790-48C4-B9B4-E9F1E90B84DF}.Debug|x86.ActiveCfg = Debug|iPhone
		{88675E2F-4790-48C4-B9B4-E9F1E90B84DF}.Release|Any CPU.ActiveCfg = Release|iPhone
		{88675E2F-4790-48C4-B9B4-E9F1E90B84DF}.Release|ARM.ActiveCfg = Release|iPhone
		{88675E2F-4790-48C4-B9B4-E9F1E90B84DF}.Release|iPhone.ActiveCfg = Release|iPhone
		{88675E2F-4790-48C4-B9B4-E9F1E90B84DF}.Release|iPhone.Build.0 = Release|iPhone
		{88675E2F-4790-48C4-B9B4-E9F1E90B84DF}.Release|iPhoneSimulator.ActiveCfg = Release|iPhoneSimulator
		{88675E2F-4790-48C4-B9B4-E9F1E90B84DF}.Release|iPhoneSimulator.Build.0 = Release|iPhoneSimulator
		{88675E2F-4790-48C4-B9B4-E9F1E90B84DF}.Release|x64.ActiveCfg = Release|iPhone
		{88675E2F-4790-48C4-B9B4-E9F1E90B84DF}.Release|x86.ActiveCfg = Release|iPhone
		{4DFE8513-17D7-44D1-9AD3-40F24FF84A26}.Ad-Hoc|Any CPU.ActiveCfg = Release|x86
		{4DFE8513-17D7-44D1-9AD3-40F24FF84A26}.Ad-Hoc|Any CPU.Build.0 = Release|x86
		{4DFE8513-17D7-44D1-9AD3-40F24FF84A26}.Ad-Hoc|Any CPU.Deploy.0 = Release|x86
		{4DFE8513-17D7-44D1-9AD3-40F24FF84A26}.Ad-Hoc|ARM.ActiveCfg = Release|ARM
		{4DFE8513-17D7-44D1-9AD3-40F24FF84A26}.Ad-Hoc|ARM.Build.0 = Release|ARM
		{4DFE8513-17D7-44D1-9AD3-40F24FF84A26}.Ad-Hoc|ARM.Deploy.0 = Release|ARM
		{4DFE8513-17D7-44D1-9AD3-40F24FF84A26}.Ad-Hoc|iPhone.ActiveCfg = Release|x86
		{4DFE8513-17D7-44D1-9AD3-40F24FF84A26}.Ad-Hoc|iPhone.Build.0 = Release|x86
		{4DFE8513-17D7-44D1-9AD3-40F24FF84A26}.Ad-Hoc|iPhone.Deploy.0 = Release|x86
		{4DFE8513-17D7-44D1-9AD3-40F24FF84A26}.Ad-Hoc|iPhoneSimulator.ActiveCfg = Release|x86
		{4DFE8513-17D7-44D1-9AD3-40F24FF84A26}.Ad-Hoc|iPhoneSimulator.Build.0 = Release|x86
		{4DFE8513-17D7-44D1-9AD3-40F24FF84A26}.Ad-Hoc|iPhoneSimulator.Deploy.0 = Release|x86
		{4DFE8513-17D7-44D1-9AD3-40F24FF84A26}.Ad-Hoc|x64.ActiveCfg = Release|x64
		{4DFE8513-17D7-44D1-9AD3-40F24FF84A26}.Ad-Hoc|x64.Build.0 = Release|x64
		{4DFE8513-17D7-44D1-9AD3-40F24FF84A26}.Ad-Hoc|x64.Deploy.0 = Release|x64
		{4DFE8513-17D7-44D1-9AD3-40F24FF84A26}.Ad-Hoc|x86.ActiveCfg = Release|x86
		{4DFE8513-17D7-44D1-9AD3-40F24FF84A26}.Ad-Hoc|x86.Build.0 = Release|x86
		{4DFE8513-17D7-44D1-9AD3-40F24FF84A26}.Ad-Hoc|x86.Deploy.0 = Release|x86
		{4DFE8513-17D7-44D1-9AD3-40F24FF84A26}.AppStore|Any CPU.ActiveCfg = Release|x86
		{4DFE8513-17D7-44D1-9AD3-40F24FF84A26}.AppStore|Any CPU.Build.0 = Release|x86
		{4DFE8513-17D7-44D1-9AD3-40F24FF84A26}.AppStore|Any CPU.Deploy.0 = Release|x86
		{4DFE8513-17D7-44D1-9AD3-40F24FF84A26}.AppStore|ARM.ActiveCfg = Release|ARM
		{4DFE8513-17D7-44D1-9AD3-40F24FF84A26}.AppStore|ARM.Build.0 = Release|ARM
		{4DFE8513-17D7-44D1-9AD3-40F24FF84A26}.AppStore|ARM.Deploy.0 = Release|ARM
		{4DFE8513-17D7-44D1-9AD3-40F24FF84A26}.AppStore|iPhone.ActiveCfg = Release|x86
		{4DFE8513-17D7-44D1-9AD3-40F24FF84A26}.AppStore|iPhone.Build.0 = Release|x86
		{4DFE8513-17D7-44D1-9AD3-40F24FF84A26}.AppStore|iPhone.Deploy.0 = Release|x86
		{4DFE8513-17D7-44D1-9AD3-40F24FF84A26}.AppStore|iPhoneSimulator.ActiveCfg = Release|x86
		{4DFE8513-17D7-44D1-9AD3-40F24FF84A26}.AppStore|iPhoneSimulator.Build.0 = Release|x86
		{4DFE8513-17D7-44D1-9AD3-40F24FF84A26}.AppStore|iPhoneSimulator.Deploy.0 = Release|x86
		{4DFE8513-17D7-44D1-9AD3-40F24FF84A26}.AppStore|x64.ActiveCfg = Release|x64
		{4DFE8513-17D7-44D1-9AD3-40F24FF84A26}.AppStore|x64.Build.0 = Release|x64
		{4DFE8513-17D7-44D1-9AD3-40F24FF84A26}.AppStore|x64.Deploy.0 = Release|x64
		{4DFE8513-17D7-44D1-9AD3-40F24FF84A26}.AppStore|x86.ActiveCfg = Release|x86
		{4DFE8513-17D7-44D1-9AD3-40F24FF84A26}.AppStore|x86.Build.0 = Release|x86
		{4DFE8513-17D7-44D1-9AD3-40F24FF84A26}.AppStore|x86.Deploy.0 = Release|x86
		{4DFE8513-17D7-44D1-9AD3-40F24FF84A26}.Debug|Any CPU.ActiveCfg = Debug|x86
		{4DFE8513-17D7-44D1-9AD3-40F24FF84A26}.Debug|ARM.ActiveCfg = Debug|ARM
		{4DFE8513-17D7-44D1-9AD3-40F24FF84A26}.Debug|ARM.Build.0 = Debug|ARM
		{4DFE8513-17D7-44D1-9AD3-40F24FF84A26}.Debug|ARM.Deploy.0 = Debug|ARM
		{4DFE8513-17D7-44D1-9AD3-40F24FF84A26}.Debug|iPhone.ActiveCfg = Debug|x86
		{4DFE8513-17D7-44D1-9AD3-40F24FF84A26}.Debug|iPhoneSimulator.ActiveCfg = Debug|x86
		{4DFE8513-17D7-44D1-9AD3-40F24FF84A26}.Debug|x64.ActiveCfg = Debug|x64
		{4DFE8513-17D7-44D1-9AD3-40F24FF84A26}.Debug|x64.Build.0 = Debug|x64
		{4DFE8513-17D7-44D1-9AD3-40F24FF84A26}.Debug|x64.Deploy.0 = Debug|x64
		{4DFE8513-17D7-44D1-9AD3-40F24FF84A26}.Debug|x86.ActiveCfg = Debug|x86
		{4DFE8513-17D7-44D1-9AD3-40F24FF84A26}.Debug|x86.Build.0 = Debug|x86
		{4DFE8513-17D7-44D1-9AD3-40F24FF84A26}.Debug|x86.Deploy.0 = Debug|x86
		{4DFE8513-17D7-44D1-9AD3-40F24FF84A26}.Release|Any CPU.ActiveCfg = Release|x86
		{4DFE8513-17D7-44D1-9AD3-40F24FF84A26}.Release|ARM.ActiveCfg = Release|ARM
		{4DFE8513-17D7-44D1-9AD3-40F24FF84A26}.Release|ARM.Build.0 = Release|ARM
		{4DFE8513-17D7-44D1-9AD3-40F24FF84A26}.Release|ARM.Deploy.0 = Release|ARM
		{4DFE8513-17D7-44D1-9AD3-40F24FF84A26}.Release|iPhone.ActiveCfg = Release|x86
		{4DFE8513-17D7-44D1-9AD3-40F24FF84A26}.Release|iPhoneSimulator.ActiveCfg = Release|x86
		{4DFE8513-17D7-44D1-9AD3-40F24FF84A26}.Release|x64.ActiveCfg = Release|x64
		{4DFE8513-17D7-44D1-9AD3-40F24FF84A26}.Release|x64.Build.0 = Release|x64
		{4DFE8513-17D7-44D1-9AD3-40F24FF84A26}.Release|x64.Deploy.0 = Release|x64
		{4DFE8513-17D7-44D1-9AD3-40F24FF84A26}.Release|x86.ActiveCfg = Release|x86
		{4DFE8513-17D7-44D1-9AD3-40F24FF84A26}.Release|x86.Build.0 = Release|x86
		{4DFE8513-17D7-44D1-9AD3-40F24FF84A26}.Release|x86.Deploy.0 = Release|x86
		{E06AD4A6-B928-409B-8E5E-E66B24B9179A}.Ad-Hoc|Any CPU.ActiveCfg = Debug|Any CPU
		{E06AD4A6-B928-409B-8E5E-E66B24B9179A}.Ad-Hoc|Any CPU.Build.0 = Debug|Any CPU
		{E06AD4A6-B928-409B-8E5E-E66B24B9179A}.Ad-Hoc|ARM.ActiveCfg = Debug|Any CPU
		{E06AD4A6-B928-409B-8E5E-E66B24B9179A}.Ad-Hoc|ARM.Build.0 = Debug|Any CPU
		{E06AD4A6-B928-409B-8E5E-E66B24B9179A}.Ad-Hoc|iPhone.ActiveCfg = Debug|Any CPU
		{E06AD4A6-B928-409B-8E5E-E66B24B9179A}.Ad-Hoc|iPhone.Build.0 = Debug|Any CPU
		{E06AD4A6-B928-409B-8E5E-E66B24B9179A}.Ad-Hoc|iPhoneSimulator.ActiveCfg = Debug|Any CPU
		{E06AD4A6-B928-409B-8E5E-E66B24B9179A}.Ad-Hoc|iPhoneSimulator.Build.0 = Debug|Any CPU
		{E06AD4A6-B928-409B-8E5E-E66B24B9179A}.Ad-Hoc|x64.ActiveCfg = Debug|Any CPU
		{E06AD4A6-B928-409B-8E5E-E66B24B9179A}.Ad-Hoc|x64.Build.0 = Debug|Any CPU
		{E06AD4A6-B928-409B-8E5E-E66B24B9179A}.Ad-Hoc|x86.ActiveCfg = Debug|Any CPU
		{E06AD4A6-B928-409B-8E5E-E66B24B9179A}.Ad-Hoc|x86.Build.0 = Debug|Any CPU
		{E06AD4A6-B928-409B-8E5E-E66B24B9179A}.AppStore|Any CPU.ActiveCfg = Debug|Any CPU
		{E06AD4A6-B928-409B-8E5E-E66B24B9179A}.AppStore|Any CPU.Build.0 = Debug|Any CPU
		{E06AD4A6-B928-409B-8E5E-E66B24B9179A}.AppStore|ARM.ActiveCfg = Debug|Any CPU
		{E06AD4A6-B928-409B-8E5E-E66B24B9179A}.AppStore|ARM.Build.0 = Debug|Any CPU
		{E06AD4A6-B928-409B-8E5E-E66B24B9179A}.AppStore|iPhone.ActiveCfg = Debug|Any CPU
		{E06AD4A6-B928-409B-8E5E-E66B24B9179A}.AppStore|iPhone.Build.0 = Debug|Any CPU
		{E06AD4A6-B928-409B-8E5E-E66B24B9179A}.AppStore|iPhoneSimulator.ActiveCfg = Debug|Any CPU
		{E06AD4A6-B928-409B-8E5E-E66B24B9179A}.AppStore|iPhoneSimulator.Build.0 = Debug|Any CPU
		{E06AD4A6-B928-409B-8E5E-E66B24B9179A}.AppStore|x64.ActiveCfg = Debug|Any CPU
		{E06AD4A6-B928-409B-8E5E-E66B24B9179A}.AppStore|x64.Build.0 = Debug|Any CPU
		{E06AD4A6-B928-409B-8E5E-E66B24B9179A}.AppStore|x86.ActiveCfg = Debug|Any CPU
		{E06AD4A6-B928-409B-8E5E-E66B24B9179A}.AppStore|x86.Build.0 = Debug|Any CPU
		{E06AD4A6-B928-409B-8E5E-E66B24B9179A}.Debug|Any CPU.ActiveCfg = Debug|Any CPU
		{E06AD4A6-B928-409B-8E5E-E66B24B9179A}.Debug|Any CPU.Build.0 = Debug|Any CPU
		{E06AD4A6-B928-409B-8E5E-E66B24B9179A}.Debug|ARM.ActiveCfg = Debug|Any CPU
		{E06AD4A6-B928-409B-8E5E-E66B24B9179A}.Debug|ARM.Build.0 = Debug|Any CPU
		{E06AD4A6-B928-409B-8E5E-E66B24B9179A}.Debug|iPhone.ActiveCfg = Debug|Any CPU
		{E06AD4A6-B928-409B-8E5E-E66B24B9179A}.Debug|iPhone.Build.0 = Debug|Any CPU
		{E06AD4A6-B928-409B-8E5E-E66B24B9179A}.Debug|iPhoneSimulator.ActiveCfg = Debug|Any CPU
		{E06AD4A6-B928-409B-8E5E-E66B24B9179A}.Debug|iPhoneSimulator.Build.0 = Debug|Any CPU
		{E06AD4A6-B928-409B-8E5E-E66B24B9179A}.Debug|x64.ActiveCfg = Debug|Any CPU
		{E06AD4A6-B928-409B-8E5E-E66B24B9179A}.Debug|x64.Build.0 = Debug|Any CPU
		{E06AD4A6-B928-409B-8E5E-E66B24B9179A}.Debug|x86.ActiveCfg = Debug|Any CPU
		{E06AD4A6-B928-409B-8E5E-E66B24B9179A}.Debug|x86.Build.0 = Debug|Any CPU
		{E06AD4A6-B928-409B-8E5E-E66B24B9179A}.Release|Any CPU.ActiveCfg = Release|Any CPU
		{E06AD4A6-B928-409B-8E5E-E66B24B9179A}.Release|Any CPU.Build.0 = Release|Any CPU
		{E06AD4A6-B928-409B-8E5E-E66B24B9179A}.Release|ARM.ActiveCfg = Release|Any CPU
		{E06AD4A6-B928-409B-8E5E-E66B24B9179A}.Release|ARM.Build.0 = Release|Any CPU
		{E06AD4A6-B928-409B-8E5E-E66B24B9179A}.Release|iPhone.ActiveCfg = Release|Any CPU
		{E06AD4A6-B928-409B-8E5E-E66B24B9179A}.Release|iPhone.Build.0 = Release|Any CPU
		{E06AD4A6-B928-409B-8E5E-E66B24B9179A}.Release|iPhoneSimulator.ActiveCfg = Release|Any CPU
		{E06AD4A6-B928-409B-8E5E-E66B24B9179A}.Release|iPhoneSimulator.Build.0 = Release|Any CPU
		{E06AD4A6-B928-409B-8E5E-E66B24B9179A}.Release|x64.ActiveCfg = Release|Any CPU
		{E06AD4A6-B928-409B-8E5E-E66B24B9179A}.Release|x64.Build.0 = Release|Any CPU
		{E06AD4A6-B928-409B-8E5E-E66B24B9179A}.Release|x86.ActiveCfg = Release|Any CPU
		{E06AD4A6-B928-409B-8E5E-E66B24B9179A}.Release|x86.Build.0 = Release|Any CPU
	EndGlobalSection
	GlobalSection(SolutionProperties) = preSolution
		HideSolutionNode = FALSE
	EndGlobalSection
	GlobalSection(NestedProjects) = preSolution
		{D9842679-EC66-4F98-9D31-221898B5F368} = {7A69C63B-ADE8-44B4-BFD2-EBF47E8966BD}
	EndGlobalSection
	GlobalSection(ExtensibilityGlobals) = postSolution
		SolutionGuid = {9F885512-FEB2-464A-88B4-B2DFA4206C4C}
	EndGlobalSection
EndGlobal
